
Microsoft Visual Studio Solution File, Format Version 12.00
# Visual Studio Version 16
VisualStudioVersion = 25.0.1705.6
MinimumVisualStudioVersion = 10.0.40219.1
Project("{FAE04EC0-301F-11D3-BF4B-00C04F79EFBC}") = "IntroToGithub", "IntroToGithub\IntroToGithub.csproj", "{D24A7E05-94B5-4865-A87A-5D0766B91313}"
EndProject
Global
	GlobalSection(SolutionConfigurationPlatforms) = preSolution
		Debug|Any CPU = Debug|Any CPU
		Release|Any CPU = Release|Any CPU
	EndGlobalSection
	GlobalSection(ProjectConfigurationPlatforms) = postSolution
		{D24A7E05-94B5-4865-A87A-5D0766B91313}.Debug|Any CPU.ActiveCfg = Debug|Any CPU
		{D24A7E05-94B5-4865-A87A-5D0766B91313}.Debug|Any CPU.Build.0 = Debug|Any CPU
		{D24A7E05-94B5-4865-A87A-5D0766B91313}.Release|Any CPU.ActiveCfg = Release|Any CPU
		{D24A7E05-94B5-4865-A87A-5D0766B91313}.Release|Any CPU.Build.0 = Release|Any CPU
	EndGlobalSection
	GlobalSection(SolutionProperties) = preSolution
		HideSolutionNode = FALSE
	EndGlobalSection
	GlobalSection(ExtensibilityGlobals) = postSolution
		SolutionGuid = {106DB6FC-BC2A-47B4-82DE-7A87B0E2C988}
	EndGlobalSection
EndGlobal
